
Microsoft Visual Studio Solution File, Format Version 12.00
# Visual Studio 15
VisualStudioVersion = 15.0.27004.2005
MinimumVisualStudioVersion = 10.0.40219.1
Project("{FAE04EC0-301F-11D3-BF4B-00C04F79EFBC}") = "Flybilletter", "Flybilletter\Flybilletter.csproj", "{1A92CCBE-126E-467F-90A9-77D5209F346A}"
EndProject
Project("{FAE04EC0-301F-11D3-BF4B-00C04F79EFBC}") = "BLL", "BLL\BLL.csproj", "{EA8A28CA-4101-4DD3-95CC-078F1B7230E0}"
EndProject
Project("{FAE04EC0-301F-11D3-BF4B-00C04F79EFBC}") = "DAL", "DAL\DAL.csproj", "{0D2F257E-99C0-4087-886C-85D69EFFA03C}"
EndProject
Project("{FAE04EC0-301F-11D3-BF4B-00C04F79EFBC}") = "Model", "Model\Model.csproj", "{3ABCAF5D-D188-4962-B007-97586FCA86F7}"
EndProject
Project("{FAE04EC0-301F-11D3-BF4B-00C04F79EFBC}") = "Enhetstesting", "Enhetstesting\Enhetstesting\Enhetstesting.csproj", "{68814B57-9D26-4CF8-A8A7-1A34E728CFF6}"
EndProject
Global
	GlobalSection(SolutionConfigurationPlatforms) = preSolution
		Debug|Any CPU = Debug|Any CPU
		Release|Any CPU = Release|Any CPU
	EndGlobalSection
	GlobalSection(ProjectConfigurationPlatforms) = postSolution
		{1A92CCBE-126E-467F-90A9-77D5209F346A}.Debug|Any CPU.ActiveCfg = Debug|Any CPU
		{1A92CCBE-126E-467F-90A9-77D5209F346A}.Debug|Any CPU.Build.0 = Debug|Any CPU
		{1A92CCBE-126E-467F-90A9-77D5209F346A}.Release|Any CPU.ActiveCfg = Release|Any CPU
		{1A92CCBE-126E-467F-90A9-77D5209F346A}.Release|Any CPU.Build.0 = Release|Any CPU
		{EA8A28CA-4101-4DD3-95CC-078F1B7230E0}.Debug|Any CPU.ActiveCfg = Debug|Any CPU
		{EA8A28CA-4101-4DD3-95CC-078F1B7230E0}.Debug|Any CPU.Build.0 = Debug|Any CPU
		{EA8A28CA-4101-4DD3-95CC-078F1B7230E0}.Release|Any CPU.ActiveCfg = Release|Any CPU
		{EA8A28CA-4101-4DD3-95CC-078F1B7230E0}.Release|Any CPU.Build.0 = Release|Any CPU
		{0D2F257E-99C0-4087-886C-85D69EFFA03C}.Debug|Any CPU.ActiveCfg = Debug|Any CPU
		{0D2F257E-99C0-4087-886C-85D69EFFA03C}.Debug|Any CPU.Build.0 = Debug|Any CPU
		{0D2F257E-99C0-4087-886C-85D69EFFA03C}.Release|Any CPU.ActiveCfg = Release|Any CPU
		{0D2F257E-99C0-4087-886C-85D69EFFA03C}.Release|Any CPU.Build.0 = Release|Any CPU
		{3ABCAF5D-D188-4962-B007-97586FCA86F7}.Debug|Any CPU.ActiveCfg = Debug|Any CPU
		{3ABCAF5D-D188-4962-B007-97586FCA86F7}.Debug|Any CPU.Build.0 = Debug|Any CPU
		{3ABCAF5D-D188-4962-B007-97586FCA86F7}.Release|Any CPU.ActiveCfg = Release|Any CPU
		{3ABCAF5D-D188-4962-B007-97586FCA86F7}.Release|Any CPU.Build.0 = Release|Any CPU
		{68814B57-9D26-4CF8-A8A7-1A34E728CFF6}.Debug|Any CPU.ActiveCfg = Debug|Any CPU
		{68814B57-9D26-4CF8-A8A7-1A34E728CFF6}.Debug|Any CPU.Build.0 = Debug|Any CPU
		{68814B57-9D26-4CF8-A8A7-1A34E728CFF6}.Release|Any CPU.ActiveCfg = Release|Any CPU
		{68814B57-9D26-4CF8-A8A7-1A34E728CFF6}.Release|Any CPU.Build.0 = Release|Any CPU
	EndGlobalSection
	GlobalSection(SolutionProperties) = preSolution
		HideSolutionNode = FALSE
	EndGlobalSection
	GlobalSection(ExtensibilityGlobals) = postSolution
		SolutionGuid = {A7859C53-28B0-449F-AC76-89F61B7ABACA}
	EndGlobalSection
EndGlobal
